
Microsoft Visual Studio Solution File, Format Version 12.00
# Visual Studio 14
VisualStudioVersion = 14.0.25420.1
MinimumVisualStudioVersion = 10.0.40219.1
Project("{FAE04EC0-301F-11D3-BF4B-00C04F79EFBC}") = "Palindrom", "Palindrom\Palindrom\Palindrom.csproj", "{B0344397-0DB6-4543-957F-28F0CA3DC7B7}"
EndProject
Project("{FAE04EC0-301F-11D3-BF4B-00C04F79EFBC}") = "Palindrom.Droid", "Palindrom\Palindrom.Droid\Palindrom.Droid.csproj", "{0F1C7AB0-C3E7-490B-91CB-DC9373FEB740}"
EndProject
Project("{FAE04EC0-301F-11D3-BF4B-00C04F79EFBC}") = "Palindrom.iOS", "Palindrom\Palindrom.iOS\Palindrom.iOS.csproj", "{67590E74-C1E9-4AC1-BD42-BEA258AEB349}"
EndProject
Project("{FAE04EC0-301F-11D3-BF4B-00C04F79EFBC}") = "Palindrom.UWP", "Palindrom\Palindrom.UWP\Palindrom.UWP.csproj", "{3D9A562B-162F-4EF1-BFD5-1C3BF6CBA089}"
EndProject
Global
	GlobalSection(SolutionConfigurationPlatforms) = preSolution
		Ad-Hoc|Any CPU = Ad-Hoc|Any CPU
		Ad-Hoc|ARM = Ad-Hoc|ARM
		Ad-Hoc|iPhone = Ad-Hoc|iPhone
		Ad-Hoc|iPhoneSimulator = Ad-Hoc|iPhoneSimulator
		Ad-Hoc|x64 = Ad-Hoc|x64
		Ad-Hoc|x86 = Ad-Hoc|x86
		AppStore|Any CPU = AppStore|Any CPU
		AppStore|ARM = AppStore|ARM
		AppStore|iPhone = AppStore|iPhone
		AppStore|iPhoneSimulator = AppStore|iPhoneSimulator
		AppStore|x64 = AppStore|x64
		AppStore|x86 = AppStore|x86
		Debug|Any CPU = Debug|Any CPU
		Debug|ARM = Debug|ARM
		Debug|iPhone = Debug|iPhone
		Debug|iPhoneSimulator = Debug|iPhoneSimulator
		Debug|x64 = Debug|x64
		Debug|x86 = Debug|x86
		Release|Any CPU = Release|Any CPU
		Release|ARM = Release|ARM
		Release|iPhone = Release|iPhone
		Release|iPhoneSimulator = Release|iPhoneSimulator
		Release|x64 = Release|x64
		Release|x86 = Release|x86
	EndGlobalSection
	GlobalSection(ProjectConfigurationPlatforms) = postSolution
		{B0344397-0DB6-4543-957F-28F0CA3DC7B7}.Ad-Hoc|Any CPU.ActiveCfg = Release|Any CPU
		{B0344397-0DB6-4543-957F-28F0CA3DC7B7}.Ad-Hoc|Any CPU.Build.0 = Release|Any CPU
		{B0344397-0DB6-4543-957F-28F0CA3DC7B7}.Ad-Hoc|ARM.ActiveCfg = Release|Any CPU
		{B0344397-0DB6-4543-957F-28F0CA3DC7B7}.Ad-Hoc|ARM.Build.0 = Release|Any CPU
		{B0344397-0DB6-4543-957F-28F0CA3DC7B7}.Ad-Hoc|iPhone.ActiveCfg = Release|Any CPU
		{B0344397-0DB6-4543-957F-28F0CA3DC7B7}.Ad-Hoc|iPhone.Build.0 = Release|Any CPU
		{B0344397-0DB6-4543-957F-28F0CA3DC7B7}.Ad-Hoc|iPhoneSimulator.ActiveCfg = Release|Any CPU
		{B0344397-0DB6-4543-957F-28F0CA3DC7B7}.Ad-Hoc|iPhoneSimulator.Build.0 = Release|Any CPU
		{B0344397-0DB6-4543-957F-28F0CA3DC7B7}.Ad-Hoc|x64.ActiveCfg = Release|Any CPU
		{B0344397-0DB6-4543-957F-28F0CA3DC7B7}.Ad-Hoc|x64.Build.0 = Release|Any CPU
		{B0344397-0DB6-4543-957F-28F0CA3DC7B7}.Ad-Hoc|x86.ActiveCfg = Release|Any CPU
		{B0344397-0DB6-4543-957F-28F0CA3DC7B7}.Ad-Hoc|x86.Build.0 = Release|Any CPU
		{B0344397-0DB6-4543-957F-28F0CA3DC7B7}.AppStore|Any CPU.ActiveCfg = Release|Any CPU
		{B0344397-0DB6-4543-957F-28F0CA3DC7B7}.AppStore|Any CPU.Build.0 = Release|Any CPU
		{B0344397-0DB6-4543-957F-28F0CA3DC7B7}.AppStore|ARM.ActiveCfg = Release|Any CPU
		{B0344397-0DB6-4543-957F-28F0CA3DC7B7}.AppStore|ARM.Build.0 = Release|Any CPU
		{B0344397-0DB6-4543-957F-28F0CA3DC7B7}.AppStore|iPhone.ActiveCfg = Release|Any CPU
		{B0344397-0DB6-4543-957F-28F0CA3DC7B7}.AppStore|iPhone.Build.0 = Release|Any CPU
		{B0344397-0DB6-4543-957F-28F0CA3DC7B7}.AppStore|iPhoneSimulator.ActiveCfg = Release|Any CPU
		{B0344397-0DB6-4543-957F-28F0CA3DC7B7}.AppStore|iPhoneSimulator.Build.0 = Release|Any CPU
		{B0344397-0DB6-4543-957F-28F0CA3DC7B7}.AppStore|x64.ActiveCfg = Release|Any CPU
		{B0344397-0DB6-4543-957F-28F0CA3DC7B7}.AppStore|x64.Build.0 = Release|Any CPU
		{B0344397-0DB6-4543-957F-28F0CA3DC7B7}.AppStore|x86.ActiveCfg = Release|Any CPU
		{B0344397-0DB6-4543-957F-28F0CA3DC7B7}.AppStore|x86.Build.0 = Release|Any CPU
		{B0344397-0DB6-4543-957F-28F0CA3DC7B7}.Debug|Any CPU.ActiveCfg = Debug|Any CPU
		{B0344397-0DB6-4543-957F-28F0CA3DC7B7}.Debug|Any CPU.Build.0 = Debug|Any CPU
		{B0344397-0DB6-4543-957F-28F0CA3DC7B7}.Debug|ARM.ActiveCfg = Debug|Any CPU
		{B0344397-0DB6-4543-957F-28F0CA3DC7B7}.Debug|ARM.Build.0 = Debug|Any CPU
		{B0344397-0DB6-4543-957F-28F0CA3DC7B7}.Debug|iPhone.ActiveCfg = Debug|Any CPU
		{B0344397-0DB6-4543-957F-28F0CA3DC7B7}.Debug|iPhone.Build.0 = Debug|Any CPU
		{B0344397-0DB6-4543-957F-28F0CA3DC7B7}.Debug|iPhoneSimulator.ActiveCfg = Debug|Any CPU
		{B0344397-0DB6-4543-957F-28F0CA3DC7B7}.Debug|iPhoneSimulator.Build.0 = Debug|Any CPU
		{B0344397-0DB6-4543-957F-28F0CA3DC7B7}.Debug|x64.ActiveCfg = Debug|Any CPU
		{B0344397-0DB6-4543-957F-28F0CA3DC7B7}.Debug|x64.Build.0 = Debug|Any CPU
		{B0344397-0DB6-4543-957F-28F0CA3DC7B7}.Debug|x86.ActiveCfg = Debug|Any CPU
		{B0344397-0DB6-4543-957F-28F0CA3DC7B7}.Debug|x86.Build.0 = Debug|Any CPU
		{B0344397-0DB6-4543-957F-28F0CA3DC7B7}.Release|Any CPU.ActiveCfg = Release|Any CPU
		{B0344397-0DB6-4543-957F-28F0CA3DC7B7}.Release|Any CPU.Build.0 = Release|Any CPU
		{B0344397-0DB6-4543-957F-28F0CA3DC7B7}.Release|ARM.ActiveCfg = Release|Any CPU
		{B0344397-0DB6-4543-957F-28F0CA3DC7B7}.Release|ARM.Build.0 = Release|Any CPU
		{B0344397-0DB6-4543-957F-28F0CA3DC7B7}.Release|iPhone.ActiveCfg = Release|Any CPU
		{B0344397-0DB6-4543-957F-28F0CA3DC7B7}.Release|iPhone.Build.0 = Release|Any CPU
		{B0344397-0DB6-4543-957F-28F0CA3DC7B7}.Release|iPhoneSimulator.ActiveCfg = Release|Any CPU
		{B0344397-0DB6-4543-957F-28F0CA3DC7B7}.Release|iPhoneSimulator.Build.0 = Release|Any CPU
		{B0344397-0DB6-4543-957F-28F0CA3DC7B7}.Release|x64.ActiveCfg = Release|Any CPU
		{B0344397-0DB6-4543-957F-28F0CA3DC7B7}.Release|x64.Build.0 = Release|Any CPU
		{B0344397-0DB6-4543-957F-28F0CA3DC7B7}.Release|x86.ActiveCfg = Release|Any CPU
		{B0344397-0DB6-4543-957F-28F0CA3DC7B7}.Release|x86.Build.0 = Release|Any CPU
		{0F1C7AB0-C3E7-490B-91CB-DC9373FEB740}.Ad-Hoc|Any CPU.ActiveCfg = Release|Any CPU
		{0F1C7AB0-C3E7-490B-91CB-DC9373FEB740}.Ad-Hoc|Any CPU.Build.0 = Release|Any CPU
		{0F1C7AB0-C3E7-490B-91CB-DC9373FEB740}.Ad-Hoc|Any CPU.Deploy.0 = Release|Any CPU
		{0F1C7AB0-C3E7-490B-91CB-DC9373FEB740}.Ad-Hoc|ARM.ActiveCfg = Release|Any CPU
		{0F1C7AB0-C3E7-490B-91CB-DC9373FEB740}.Ad-Hoc|ARM.Build.0 = Release|Any CPU
		{0F1C7AB0-C3E7-490B-91CB-DC9373FEB740}.Ad-Hoc|ARM.Deploy.0 = Release|Any CPU
		{0F1C7AB0-C3E7-490B-91CB-DC9373FEB740}.Ad-Hoc|iPhone.ActiveCfg = Release|Any CPU
		{0F1C7AB0-C3E7-490B-91CB-DC9373FEB740}.Ad-Hoc|iPhone.Build.0 = Release|Any CPU
		{0F1C7AB0-C3E7-490B-91CB-DC9373FEB740}.Ad-Hoc|iPhone.Deploy.0 = Release|Any CPU
		{0F1C7AB0-C3E7-490B-91CB-DC9373FEB740}.Ad-Hoc|iPhoneSimulator.ActiveCfg = Release|Any CPU
		{0F1C7AB0-C3E7-490B-91CB-DC9373FEB740}.Ad-Hoc|iPhoneSimulator.Build.0 = Release|Any CPU
		{0F1C7AB0-C3E7-490B-91CB-DC9373FEB740}.Ad-Hoc|iPhoneSimulator.Deploy.0 = Release|Any CPU
		{0F1C7AB0-C3E7-490B-91CB-DC9373FEB740}.Ad-Hoc|x64.ActiveCfg = Release|Any CPU
		{0F1C7AB0-C3E7-490B-91CB-DC9373FEB740}.Ad-Hoc|x64.Build.0 = Release|Any CPU
		{0F1C7AB0-C3E7-490B-91CB-DC9373FEB740}.Ad-Hoc|x64.Deploy.0 = Release|Any CPU
		{0F1C7AB0-C3E7-490B-91CB-DC9373FEB740}.Ad-Hoc|x86.ActiveCfg = Release|Any CPU
		{0F1C7AB0-C3E7-490B-91CB-DC9373FEB740}.Ad-Hoc|x86.Build.0 = Release|Any CPU
		{0F1C7AB0-C3E7-490B-91CB-DC9373FEB740}.Ad-Hoc|x86.Deploy.0 = Release|Any CPU
		{0F1C7AB0-C3E7-490B-91CB-DC9373FEB740}.AppStore|Any CPU.ActiveCfg = Release|Any CPU
		{0F1C7AB0-C3E7-490B-91CB-DC9373FEB740}.AppStore|Any CPU.Build.0 = Release|Any CPU
		{0F1C7AB0-C3E7-490B-91CB-DC9373FEB740}.AppStore|Any CPU.Deploy.0 = Release|Any CPU
		{0F1C7AB0-C3E7-490B-91CB-DC9373FEB740}.AppStore|ARM.ActiveCfg = Release|Any CPU
		{0F1C7AB0-C3E7-490B-91CB-DC9373FEB740}.AppStore|ARM.Build.0 = Release|Any CPU
		{0F1C7AB0-C3E7-490B-91CB-DC9373FEB740}.AppStore|ARM.Deploy.0 = Release|Any CPU
		{0F1C7AB0-C3E7-490B-91CB-DC9373FEB740}.AppStore|iPhone.ActiveCfg = Release|Any CPU
		{0F1C7AB0-C3E7-490B-91CB-DC9373FEB740}.AppStore|iPhone.Build.0 = Release|Any CPU
		{0F1C7AB0-C3E7-490B-91CB-DC9373FEB740}.AppStore|iPhone.Deploy.0 = Release|Any CPU
		{0F1C7AB0-C3E7-490B-91CB-DC9373FEB740}.AppStore|iPhoneSimulator.ActiveCfg = Release|Any CPU
		{0F1C7AB0-C3E7-490B-91CB-DC9373FEB740}.AppStore|iPhoneSimulator.Build.0 = Release|Any CPU
		{0F1C7AB0-C3E7-490B-91CB-DC9373FEB740}.AppStore|iPhoneSimulator.Deploy.0 = Release|Any CPU
		{0F1C7AB0-C3E7-490B-91CB-DC9373FEB740}.AppStore|x64.ActiveCfg = Release|Any CPU
		{0F1C7AB0-C3E7-490B-91CB-DC9373FEB740}.AppStore|x64.Build.0 = Release|Any CPU
		{0F1C7AB0-C3E7-490B-91CB-DC9373FEB740}.AppStore|x64.Deploy.0 = Release|Any CPU
		{0F1C7AB0-C3E7-490B-91CB-DC9373FEB740}.AppStore|x86.ActiveCfg = Release|Any CPU
		{0F1C7AB0-C3E7-490B-91CB-DC9373FEB740}.AppStore|x86.Build.0 = Release|Any CPU
		{0F1C7AB0-C3E7-490B-91CB-DC9373FEB740}.AppStore|x86.Deploy.0 = Release|Any CPU
		{0F1C7AB0-C3E7-490B-91CB-DC9373FEB740}.Debug|Any CPU.ActiveCfg = Debug|Any CPU
		{0F1C7AB0-C3E7-490B-91CB-DC9373FEB740}.Debug|Any CPU.Build.0 = Debug|Any CPU
		{0F1C7AB0-C3E7-490B-91CB-DC9373FEB740}.Debug|Any CPU.Deploy.0 = Debug|Any CPU
		{0F1C7AB0-C3E7-490B-91CB-DC9373FEB740}.Debug|ARM.ActiveCfg = Debug|Any CPU
		{0F1C7AB0-C3E7-490B-91CB-DC9373FEB740}.Debug|ARM.Build.0 = Debug|Any CPU
		{0F1C7AB0-C3E7-490B-91CB-DC9373FEB740}.Debug|ARM.Deploy.0 = Debug|Any CPU
		{0F1C7AB0-C3E7-490B-91CB-DC9373FEB740}.Debug|iPhone.ActiveCfg = Debug|Any CPU
		{0F1C7AB0-C3E7-490B-91CB-DC9373FEB740}.Debug|iPhone.Build.0 = Debug|Any CPU
		{0F1C7AB0-C3E7-490B-91CB-DC9373FEB740}.Debug|iPhone.Deploy.0 = Debug|Any CPU
		{0F1C7AB0-C3E7-490B-91CB-DC9373FEB740}.Debug|iPhoneSimulator.ActiveCfg = Debug|Any CPU
		{0F1C7AB0-C3E7-490B-91CB-DC9373FEB740}.Debug|iPhoneSimulator.Build.0 = Debug|Any CPU
		{0F1C7AB0-C3E7-490B-91CB-DC9373FEB740}.Debug|iPhoneSimulator.Deploy.0 = Debug|Any CPU
		{0F1C7AB0-C3E7-490B-91CB-DC9373FEB740}.Debug|x64.ActiveCfg = Debug|Any CPU
		{0F1C7AB0-C3E7-490B-91CB-DC9373FEB740}.Debug|x64.Build.0 = Debug|Any CPU
		{0F1C7AB0-C3E7-490B-91CB-DC9373FEB740}.Debug|x64.Deploy.0 = Debug|Any CPU
		{0F1C7AB0-C3E7-490B-91CB-DC9373FEB740}.Debug|x86.ActiveCfg = Debug|Any CPU
		{0F1C7AB0-C3E7-490B-91CB-DC9373FEB740}.Debug|x86.Build.0 = Debug|Any CPU
		{0F1C7AB0-C3E7-490B-91CB-DC9373FEB740}.Debug|x86.Deploy.0 = Debug|Any CPU
		{0F1C7AB0-C3E7-490B-91CB-DC9373FEB740}.Release|Any CPU.ActiveCfg = Release|Any CPU
		{0F1C7AB0-C3E7-490B-91CB-DC9373FEB740}.Release|Any CPU.Build.0 = Release|Any CPU
		{0F1C7AB0-C3E7-490B-91CB-DC9373FEB740}.Release|Any CPU.Deploy.0 = Release|Any CPU
		{0F1C7AB0-C3E7-490B-91CB-DC9373FEB740}.Release|ARM.ActiveCfg = Release|Any CPU
		{0F1C7AB0-C3E7-490B-91CB-DC9373FEB740}.Release|ARM.Build.0 = Release|Any CPU
		{0F1C7AB0-C3E7-490B-91CB-DC9373FEB740}.Release|ARM.Deploy.0 = Release|Any CPU
		{0F1C7AB0-C3E7-490B-91CB-DC9373FEB740}.Release|iPhone.ActiveCfg = Release|Any CPU
		{0F1C7AB0-C3E7-490B-91CB-DC9373FEB740}.Release|iPhone.Build.0 = Release|Any CPU
		{0F1C7AB0-C3E7-490B-91CB-DC9373FEB740}.Release|iPhone.Deploy.0 = Release|Any CPU
		{0F1C7AB0-C3E7-490B-91CB-DC9373FEB740}.Release|iPhoneSimulator.ActiveCfg = Release|Any CPU
		{0F1C7AB0-C3E7-490B-91CB-DC9373FEB740}.Release|iPhoneSimulator.Build.0 = Release|Any CPU
		{0F1C7AB0-C3E7-490B-91CB-DC9373FEB740}.Release|iPhoneSimulator.Deploy.0 = Release|Any CPU
		{0F1C7AB0-C3E7-490B-91CB-DC9373FEB740}.Release|x64.ActiveCfg = Release|Any CPU
		{0F1C7AB0-C3E7-490B-91CB-DC9373FEB740}.Release|x64.Build.0 = Release|Any CPU
		{0F1C7AB0-C3E7-490B-91CB-DC9373FEB740}.Release|x64.Deploy.0 = Release|Any CPU
		{0F1C7AB0-C3E7-490B-91CB-DC9373FEB740}.Release|x86.ActiveCfg = Release|Any CPU
		{0F1C7AB0-C3E7-490B-91CB-DC9373FEB740}.Release|x86.Build.0 = Release|Any CPU
		{0F1C7AB0-C3E7-490B-91CB-DC9373FEB740}.Release|x86.Deploy.0 = Release|Any CPU
		{67590E74-C1E9-4AC1-BD42-BEA258AEB349}.Ad-Hoc|Any CPU.ActiveCfg = Ad-Hoc|iPhone
		{67590E74-C1E9-4AC1-BD42-BEA258AEB349}.Ad-Hoc|ARM.ActiveCfg = Ad-Hoc|iPhone
		{67590E74-C1E9-4AC1-BD42-BEA258AEB349}.Ad-Hoc|iPhone.ActiveCfg = Ad-Hoc|iPhone
		{67590E74-C1E9-4AC1-BD42-BEA258AEB349}.Ad-Hoc|iPhone.Build.0 = Ad-Hoc|iPhone
		{67590E74-C1E9-4AC1-BD42-BEA258AEB349}.Ad-Hoc|iPhoneSimulator.ActiveCfg = Ad-Hoc|iPhoneSimulator
		{67590E74-C1E9-4AC1-BD42-BEA258AEB349}.Ad-Hoc|iPhoneSimulator.Build.0 = Ad-Hoc|iPhoneSimulator
		{67590E74-C1E9-4AC1-BD42-BEA258AEB349}.Ad-Hoc|x64.ActiveCfg = Ad-Hoc|iPhone
		{67590E74-C1E9-4AC1-BD42-BEA258AEB349}.Ad-Hoc|x86.ActiveCfg = Ad-Hoc|iPhone
		{67590E74-C1E9-4AC1-BD42-BEA258AEB349}.AppStore|Any CPU.ActiveCfg = AppStore|iPhone
		{67590E74-C1E9-4AC1-BD42-BEA258AEB349}.AppStore|ARM.ActiveCfg = AppStore|iPhone
		{67590E74-C1E9-4AC1-BD42-BEA258AEB349}.AppStore|iPhone.ActiveCfg = AppStore|iPhone
		{67590E74-C1E9-4AC1-BD42-BEA258AEB349}.AppStore|iPhone.Build.0 = AppStore|iPhone
		{67590E74-C1E9-4AC1-BD42-BEA258AEB349}.AppStore|iPhoneSimulator.ActiveCfg = AppStore|iPhoneSimulator
		{67590E74-C1E9-4AC1-BD42-BEA258AEB349}.AppStore|iPhoneSimulator.Build.0 = AppStore|iPhoneSimulator
		{67590E74-C1E9-4AC1-BD42-BEA258AEB349}.AppStore|x64.ActiveCfg = AppStore|iPhone
		{67590E74-C1E9-4AC1-BD42-BEA258AEB349}.AppStore|x86.ActiveCfg = AppStore|iPhone
		{67590E74-C1E9-4AC1-BD42-BEA258AEB349}.Debug|Any CPU.ActiveCfg = Debug|iPhone
		{67590E74-C1E9-4AC1-BD42-BEA258AEB349}.Debug|ARM.ActiveCfg = Debug|iPhone
		{67590E74-C1E9-4AC1-BD42-BEA258AEB349}.Debug|iPhone.ActiveCfg = Debug|iPhone
		{67590E74-C1E9-4AC1-BD42-BEA258AEB349}.Debug|iPhone.Build.0 = Debug|iPhone
		{67590E74-C1E9-4AC1-BD42-BEA258AEB349}.Debug|iPhoneSimulator.ActiveCfg = Debug|iPhoneSimulator
		{67590E74-C1E9-4AC1-BD42-BEA258AEB349}.Debug|iPhoneSimulator.Build.0 = Debug|iPhoneSimulator
		{67590E74-C1E9-4AC1-BD42-BEA258AEB349}.Debug|x64.ActiveCfg = Debug|iPhone
		{67590E74-C1E9-4AC1-BD42-BEA258AEB349}.Debug|x86.ActiveCfg = Debug|iPhone
		{67590E74-C1E9-4AC1-BD42-BEA258AEB349}.Release|Any CPU.ActiveCfg = Release|iPhone
		{67590E74-C1E9-4AC1-BD42-BEA258AEB349}.Release|ARM.ActiveCfg = Release|iPhone
		{67590E74-C1E9-4AC1-BD42-BEA258AEB349}.Release|iPhone.ActiveCfg = Release|iPhone
		{67590E74-C1E9-4AC1-BD42-BEA258AEB349}.Release|iPhone.Build.0 = Release|iPhone
		{67590E74-C1E9-4AC1-BD42-BEA258AEB349}.Release|iPhoneSimulator.ActiveCfg = Release|iPhoneSimulator
		{67590E74-C1E9-4AC1-BD42-BEA258AEB349}.Release|iPhoneSimulator.Build.0 = Release|iPhoneSimulator
		{67590E74-C1E9-4AC1-BD42-BEA258AEB349}.Release|x64.ActiveCfg = Release|iPhone
		{67590E74-C1E9-4AC1-BD42-BEA258AEB349}.Release|x86.ActiveCfg = Release|iPhone
		{3D9A562B-162F-4EF1-BFD5-1C3BF6CBA089}.Ad-Hoc|Any CPU.ActiveCfg = Release|x86
		{3D9A562B-162F-4EF1-BFD5-1C3BF6CBA089}.Ad-Hoc|Any CPU.Build.0 = Release|x86
		{3D9A562B-162F-4EF1-BFD5-1C3BF6CBA089}.Ad-Hoc|Any CPU.Deploy.0 = Release|x86
		{3D9A562B-162F-4EF1-BFD5-1C3BF6CBA089}.Ad-Hoc|ARM.ActiveCfg = Release|ARM
		{3D9A562B-162F-4EF1-BFD5-1C3BF6CBA089}.Ad-Hoc|ARM.Build.0 = Release|ARM
		{3D9A562B-162F-4EF1-BFD5-1C3BF6CBA089}.Ad-Hoc|ARM.Deploy.0 = Release|ARM
		{3D9A562B-162F-4EF1-BFD5-1C3BF6CBA089}.Ad-Hoc|iPhone.ActiveCfg = Release|x86
		{3D9A562B-162F-4EF1-BFD5-1C3BF6CBA089}.Ad-Hoc|iPhone.Build.0 = Release|x86
		{3D9A562B-162F-4EF1-BFD5-1C3BF6CBA089}.Ad-Hoc|iPhone.Deploy.0 = Release|x86
		{3D9A562B-162F-4EF1-BFD5-1C3BF6CBA089}.Ad-Hoc|iPhoneSimulator.ActiveCfg = Release|x86
		{3D9A562B-162F-4EF1-BFD5-1C3BF6CBA089}.Ad-Hoc|iPhoneSimulator.Build.0 = Release|x86
		{3D9A562B-162F-4EF1-BFD5-1C3BF6CBA089}.Ad-Hoc|iPhoneSimulator.Deploy.0 = Release|x86
		{3D9A562B-162F-4EF1-BFD5-1C3BF6CBA089}.Ad-Hoc|x64.ActiveCfg = Release|x64
		{3D9A562B-162F-4EF1-BFD5-1C3BF6CBA089}.Ad-Hoc|x64.Build.0 = Release|x64
		{3D9A562B-162F-4EF1-BFD5-1C3BF6CBA089}.Ad-Hoc|x64.Deploy.0 = Release|x64
		{3D9A562B-162F-4EF1-BFD5-1C3BF6CBA089}.Ad-Hoc|x86.ActiveCfg = Release|x86
		{3D9A562B-162F-4EF1-BFD5-1C3BF6CBA089}.Ad-Hoc|x86.Build.0 = Release|x86
		{3D9A562B-162F-4EF1-BFD5-1C3BF6CBA089}.Ad-Hoc|x86.Deploy.0 = Release|x86
		{3D9A562B-162F-4EF1-BFD5-1C3BF6CBA089}.AppStore|Any CPU.ActiveCfg = Release|x86
		{3D9A562B-162F-4EF1-BFD5-1C3BF6CBA089}.AppStore|Any CPU.Build.0 = Release|x86
		{3D9A562B-162F-4EF1-BFD5-1C3BF6CBA089}.AppStore|Any CPU.Deploy.0 = Release|x86
		{3D9A562B-162F-4EF1-BFD5-1C3BF6CBA089}.AppStore|ARM.ActiveCfg = Release|ARM
		{3D9A562B-162F-4EF1-BFD5-1C3BF6CBA089}.AppStore|ARM.Build.0 = Release|ARM
		{3D9A562B-162F-4EF1-BFD5-1C3BF6CBA089}.AppStore|ARM.Deploy.0 = Release|ARM
		{3D9A562B-162F-4EF1-BFD5-1C3BF6CBA089}.AppStore|iPhone.ActiveCfg = Release|x86
		{3D9A562B-162F-4EF1-BFD5-1C3BF6CBA089}.AppStore|iPhone.Build.0 = Release|x86
		{3D9A562B-162F-4EF1-BFD5-1C3BF6CBA089}.AppStore|iPhone.Deploy.0 = Release|x86
		{3D9A562B-162F-4EF1-BFD5-1C3BF6CBA089}.AppStore|iPhoneSimulator.ActiveCfg = Release|x86
		{3D9A562B-162F-4EF1-BFD5-1C3BF6CBA089}.AppStore|iPhoneSimulator.Build.0 = Release|x86
		{3D9A562B-162F-4EF1-BFD5-1C3BF6CBA089}.AppStore|iPhoneSimulator.Deploy.0 = Release|x86
		{3D9A562B-162F-4EF1-BFD5-1C3BF6CBA089}.AppStore|x64.ActiveCfg = Release|x64
		{3D9A562B-162F-4EF1-BFD5-1C3BF6CBA089}.AppStore|x64.Build.0 = Release|x64
		{3D9A562B-162F-4EF1-BFD5-1C3BF6CBA089}.AppStore|x64.Deploy.0 = Release|x64
		{3D9A562B-162F-4EF1-BFD5-1C3BF6CBA089}.AppStore|x86.ActiveCfg = Release|x86
		{3D9A562B-162F-4EF1-BFD5-1C3BF6CBA089}.AppStore|x86.Build.0 = Release|x86
		{3D9A562B-162F-4EF1-BFD5-1C3BF6CBA089}.AppStore|x86.Deploy.0 = Release|x86
		{3D9A562B-162F-4EF1-BFD5-1C3BF6CBA089}.Debug|Any CPU.ActiveCfg = Debug|x86
		{3D9A562B-162F-4EF1-BFD5-1C3BF6CBA089}.Debug|ARM.ActiveCfg = Debug|ARM
		{3D9A562B-162F-4EF1-BFD5-1C3BF6CBA089}.Debug|ARM.Build.0 = Debug|ARM
		{3D9A562B-162F-4EF1-BFD5-1C3BF6CBA089}.Debug|ARM.Deploy.0 = Debug|ARM
		{3D9A562B-162F-4EF1-BFD5-1C3BF6CBA089}.Debug|iPhone.ActiveCfg = Debug|x86
		{3D9A562B-162F-4EF1-BFD5-1C3BF6CBA089}.Debug|iPhone.Build.0 = Debug|x86
		{3D9A562B-162F-4EF1-BFD5-1C3BF6CBA089}.Debug|iPhone.Deploy.0 = Debug|x86
		{3D9A562B-162F-4EF1-BFD5-1C3BF6CBA089}.Debug|iPhoneSimulator.ActiveCfg = Debug|x86
		{3D9A562B-162F-4EF1-BFD5-1C3BF6CBA089}.Debug|x64.ActiveCfg = Debug|x64
		{3D9A562B-162F-4EF1-BFD5-1C3BF6CBA089}.Debug|x64.Build.0 = Debug|x64
		{3D9A562B-162F-4EF1-BFD5-1C3BF6CBA089}.Debug|x64.Deploy.0 = Debug|x64
		{3D9A562B-162F-4EF1-BFD5-1C3BF6CBA089}.Debug|x86.ActiveCfg = Debug|x86
		{3D9A562B-162F-4EF1-BFD5-1C3BF6CBA089}.Debug|x86.Build.0 = Debug|x86
		{3D9A562B-162F-4EF1-BFD5-1C3BF6CBA089}.Debug|x86.Deploy.0 = Debug|x86
		{3D9A562B-162F-4EF1-BFD5-1C3BF6CBA089}.Release|Any CPU.ActiveCfg = Release|x86
		{3D9A562B-162F-4EF1-BFD5-1C3BF6CBA089}.Release|ARM.ActiveCfg = Release|ARM
		{3D9A562B-162F-4EF1-BFD5-1C3BF6CBA089}.Release|ARM.Build.0 = Release|ARM
		{3D9A562B-162F-4EF1-BFD5-1C3BF6CBA089}.Release|ARM.Deploy.0 = Release|ARM
		{3D9A562B-162F-4EF1-BFD5-1C3BF6CBA089}.Release|iPhone.ActiveCfg = Release|x86
		{3D9A562B-162F-4EF1-BFD5-1C3BF6CBA089}.Release|iPhoneSimulator.ActiveCfg = Release|x86
		{3D9A562B-162F-4EF1-BFD5-1C3BF6CBA089}.Release|x64.ActiveCfg = Release|x64
		{3D9A562B-162F-4EF1-BFD5-1C3BF6CBA089}.Release|x64.Build.0 = Release|x64
		{3D9A562B-162F-4EF1-BFD5-1C3BF6CBA089}.Release|x64.Deploy.0 = Release|x64
		{3D9A562B-162F-4EF1-BFD5-1C3BF6CBA089}.Release|x86.ActiveCfg = Release|x86
		{3D9A562B-162F-4EF1-BFD5-1C3BF6CBA089}.Release|x86.Build.0 = Release|x86
		{3D9A562B-162F-4EF1-BFD5-1C3BF6CBA089}.Release|x86.Deploy.0 = Release|x86
	EndGlobalSection
	GlobalSection(SolutionProperties) = preSolution
		HideSolutionNode = FALSE
	EndGlobalSection
EndGlobal
